
Microsoft Visual Studio Solution File, Format Version 12.00
# Visual Studio Version 17
VisualStudioVersion = 17.1.32421.90
MinimumVisualStudioVersion = 10.0.40219.1
Project("{9A19103F-16F7-4668-BE54-9A1E7A4F7556}") = "MyAPI", "MyAPI\MyAPI.csproj", "{B587962F-76B7-4D2E-870E-72D321300888}"
EndProject
Project("{9A19103F-16F7-4668-BE54-9A1E7A4F7556}") = "Core", "Core\Core.csproj", "{2D651C9D-A6F7-4923-9041-38F5235F85EC}"
EndProject
Project("{9A19103F-16F7-4668-BE54-9A1E7A4F7556}") = "Infrastructure", "Infrastructure\Infrastructure.csproj", "{24F31B0A-1989-4038-959E-8A80AB551284}"
EndProject
Global
	GlobalSection(SolutionConfigurationPlatforms) = preSolution
		Debug|Any CPU = Debug|Any CPU
		Release|Any CPU = Release|Any CPU
	EndGlobalSection
	GlobalSection(ProjectConfigurationPlatforms) = postSolution
		{B587962F-76B7-4D2E-870E-72D321300888}.Debug|Any CPU.ActiveCfg = Debug|Any CPU
		{B587962F-76B7-4D2E-870E-72D321300888}.Debug|Any CPU.Build.0 = Debug|Any CPU
		{B587962F-76B7-4D2E-870E-72D321300888}.Release|Any CPU.ActiveCfg = Release|Any CPU
		{B587962F-76B7-4D2E-870E-72D321300888}.Release|Any CPU.Build.0 = Release|Any CPU
		{2D651C9D-A6F7-4923-9041-38F5235F85EC}.Debug|Any CPU.ActiveCfg = Debug|Any CPU
		{2D651C9D-A6F7-4923-9041-38F5235F85EC}.Debug|Any CPU.Build.0 = Debug|Any CPU
		{2D651C9D-A6F7-4923-9041-38F5235F85EC}.Release|Any CPU.ActiveCfg = Release|Any CPU
		{2D651C9D-A6F7-4923-9041-38F5235F85EC}.Release|Any CPU.Build.0 = Release|Any CPU
		{24F31B0A-1989-4038-959E-8A80AB551284}.Debug|Any CPU.ActiveCfg = Debug|Any CPU
		{24F31B0A-1989-4038-959E-8A80AB551284}.Debug|Any CPU.Build.0 = Debug|Any CPU
		{24F31B0A-1989-4038-959E-8A80AB551284}.Release|Any CPU.ActiveCfg = Release|Any CPU
		{24F31B0A-1989-4038-959E-8A80AB551284}.Release|Any CPU.Build.0 = Release|Any CPU
	EndGlobalSection
	GlobalSection(SolutionProperties) = preSolution
		HideSolutionNode = FALSE
	EndGlobalSection
	GlobalSection(ExtensibilityGlobals) = postSolution
		SolutionGuid = {157431C3-DA19-4189-9EDE-9561FDE3648E}
	EndGlobalSection
EndGlobal
